{
  "pins" : [
    {
      "identity" : "chord",
      "kind" : "remoteSourceControl",
      "location" : "https://github.com/OperatorFoundation/Chord.git",
      "state" : {
        "branch" : "main",
        "revision" : "e11afa6b336652fa60dacc3b7c30071fef38fb61"
      }
    },
    {
      "identity" : "datable",
      "kind" : "remoteSourceControl",
      "location" : "https://github.com/OperatorFoundation/Datable",
      "state" : {
        "branch" : "main",
        "revision" : "19a6479e2077259cf5ef7875b0ba34ab24e65d73"
      }
    },
    {
      "identity" : "gardener",
      "kind" : "remoteSourceControl",
      "location" : "https://github.com/OperatorFoundation/Gardener",
      "state" : {
        "branch" : "main",
        "revision" : "1ad3a0f4ab41002e34b28b12662fc4e3ea64b29a"
      }
    },
    {
      "identity" : "keychaintypes",
      "kind" : "remoteSourceControl",
      "location" : "https://github.com/OperatorFoundation/KeychainTypes",
      "state" : {
        "branch" : "main",
        "revision" : "c09fe0599c3cd552c41788533bf8d84407b909b6"
      }
    },
    {
      "identity" : "swift-crypto",
      "kind" : "remoteSourceControl",
      "location" : "https://github.com/apple/swift-crypto",
      "state" : {
        "revision" : "92a04c10fc5ce0504f8396aac7392126033e547c",
        "version" : "2.2.2"
      }
    },
    {
      "identity" : "swift-system",
      "kind" : "remoteSourceControl",
      "location" : "https://github.com/apple/swift-system",
      "state" : {
        "revision" : "025bcb1165deab2e20d4eaba79967ce73013f496",
        "version" : "1.2.1"
      }
    },
    {
      "identity" : "swiftqueue",
      "kind" : "remoteSourceControl",
      "location" : "https://github.com/OperatorFoundation/SwiftQueue",
      "state" : {
        "branch" : "main",
        "revision" : "5d59db6aa86b7e1b419c027af1a61f2572475538"
      }
    }
  ],
  "version" : 2
}
